
Microsoft Visual Studio Solution File, Format Version 12.00
# Visual Studio 15
VisualStudioVersion = 15.0.28307.1525
MinimumVisualStudioVersion = 10.0.40219.1
Project("{FAE04EC0-301F-11D3-BF4B-00C04F79EFBC}") = "QuizMahasiswa", "QuizMahasiswa\QuizMahasiswa.csproj", "{6C2DB395-1D90-4FA6-B125-B38B066844B7}"
EndProject
Project("{54435603-DBB4-11D2-8724-00A0C9A8B90C}") = "Setup", "Setup\Setup.vdproj", "{6721DA7D-026B-4DFE-B412-CB3878FAD65B}"
EndProject
Global
	GlobalSection(SolutionConfigurationPlatforms) = preSolution
		Debug|Any CPU = Debug|Any CPU
		Release|Any CPU = Release|Any CPU
	EndGlobalSection
	GlobalSection(ProjectConfigurationPlatforms) = postSolution
		{6C2DB395-1D90-4FA6-B125-B38B066844B7}.Debug|Any CPU.ActiveCfg = Debug|Any CPU
		{6C2DB395-1D90-4FA6-B125-B38B066844B7}.Debug|Any CPU.Build.0 = Debug|Any CPU
		{6C2DB395-1D90-4FA6-B125-B38B066844B7}.Release|Any CPU.ActiveCfg = Release|Any CPU
		{6C2DB395-1D90-4FA6-B125-B38B066844B7}.Release|Any CPU.Build.0 = Release|Any CPU
		{6721DA7D-026B-4DFE-B412-CB3878FAD65B}.Debug|Any CPU.ActiveCfg = Debug
		{6721DA7D-026B-4DFE-B412-CB3878FAD65B}.Release|Any CPU.ActiveCfg = Release
	EndGlobalSection
	GlobalSection(SolutionProperties) = preSolution
		HideSolutionNode = FALSE
	EndGlobalSection
	GlobalSection(ExtensibilityGlobals) = postSolution
		SolutionGuid = {07706D0B-8F13-4627-BF01-D03A90234206}
	EndGlobalSection
EndGlobal
